{
  "name": "eslint-config-ackama",
  "version": "0.0.0",
  "lockfileVersion": 1,
  "requires": true,
  "dependencies": {
    "prettier": {
      "version": "1.19.1",
      "resolved": "https://registry.npmjs.org/prettier/-/prettier-1.19.1.tgz",
      "integrity": "sha512-s7PoyDv/II1ObgQunCbB9PdLmUcBZcnWOcxDh7O0N/UwDEsHyqkW+Qh28jW+mVuCdx7gLB0BotYI1Y6uI9iyew==",
      "dev": true
    },
    "prettier-config-ackama": {
      "version": "0.1.2",
      "resolved": "https://registry.npmjs.org/prettier-config-ackama/-/prettier-config-ackama-0.1.2.tgz",
      "integrity": "sha512-ASax4E/pbyMdo0RxBX/UAdmb5mIDJc6pT6lCRDeKJuXIxxmRdk8xLga+KvqyN1VkJ4wWiyFPZ63R8W9ZHwYyhA==",
      "dev": true
    }
  }
}
